
Microsoft Visual Studio Solution File, Format Version 12.00
# Visual Studio Version 16
VisualStudioVersion = 16.0.30611.23
MinimumVisualStudioVersion = 10.0.40219.1
Project("{8BC9CEB8-8B4A-11D0-8D11-00A0C91BC942}") = "Server", "TCP_Sockets\TCP_Sockets.vcxproj", "{6529B64C-8645-4592-A29E-AA8DD9C89E9A}"
EndProject
Project("{8BC9CEB8-8B4A-11D0-8D11-00A0C91BC942}") = "Client", "Server\Server.vcxproj", "{C5C251FC-4846-420E-BD72-E80253B2CBE9}"
EndProject
Global
	GlobalSection(SolutionConfigurationPlatforms) = preSolution
		Debug|x64 = Debug|x64
		Debug|x86 = Debug|x86
		Release|x64 = Release|x64
		Release|x86 = Release|x86
	EndGlobalSection
	GlobalSection(ProjectConfigurationPlatforms) = postSolution
		{6529B64C-8645-4592-A29E-AA8DD9C89E9A}.Debug|x64.ActiveCfg = Debug|x64
		{6529B64C-8645-4592-A29E-AA8DD9C89E9A}.Debug|x64.Build.0 = Debug|x64
		{6529B64C-8645-4592-A29E-AA8DD9C89E9A}.Debug|x86.ActiveCfg = Debug|Win32
		{6529B64C-8645-4592-A29E-AA8DD9C89E9A}.Debug|x86.Build.0 = Debug|Win32
		{6529B64C-8645-4592-A29E-AA8DD9C89E9A}.Release|x64.ActiveCfg = Release|x64
		{6529B64C-8645-4592-A29E-AA8DD9C89E9A}.Release|x64.Build.0 = Release|x64
		{6529B64C-8645-4592-A29E-AA8DD9C89E9A}.Release|x86.ActiveCfg = Release|Win32
		{6529B64C-8645-4592-A29E-AA8DD9C89E9A}.Release|x86.Build.0 = Release|Win32
		{C5C251FC-4846-420E-BD72-E80253B2CBE9}.Debug|x64.ActiveCfg = Debug|x64
		{C5C251FC-4846-420E-BD72-E80253B2CBE9}.Debug|x64.Build.0 = Debug|x64
		{C5C251FC-4846-420E-BD72-E80253B2CBE9}.Debug|x86.ActiveCfg = Debug|Win32
		{C5C251FC-4846-420E-BD72-E80253B2CBE9}.Debug|x86.Build.0 = Debug|Win32
		{C5C251FC-4846-420E-BD72-E80253B2CBE9}.Release|x64.ActiveCfg = Release|x64
		{C5C251FC-4846-420E-BD72-E80253B2CBE9}.Release|x64.Build.0 = Release|x64
		{C5C251FC-4846-420E-BD72-E80253B2CBE9}.Release|x86.ActiveCfg = Release|Win32
		{C5C251FC-4846-420E-BD72-E80253B2CBE9}.Release|x86.Build.0 = Release|Win32
	EndGlobalSection
	GlobalSection(SolutionProperties) = preSolution
		HideSolutionNode = FALSE
	EndGlobalSection
	GlobalSection(ExtensibilityGlobals) = postSolution
		SolutionGuid = {3670F300-1145-417F-97B4-BE19BDA2D012}
	EndGlobalSection
EndGlobal
